{
  "R": {
    "Version": "4.5.2",
    "Repositories": [
      {
        "Name": "CRAN",
        "URL": "https://cloud.r-project.org"
      }
    ]
  },
  "Packages": {
    "caret": {
      "Package": "caret",
      "Version": "7.0-1",
      "Source": "Repository",
      "Repository": "CRAN"
    },
    "docopt": {
      "Package": "docopt",
      "Version": "0.7.2",
      "Source": "Repository",
      "Repository": "CRAN"
    },
    "glmnet": {
      "Package": "glmnet",
      "Version": "4.1-10",
      "Source": "Repository",
      "Repository": "CRAN"
    },
    "pROC": {
      "Package": "pROC",
      "Version": "1.19.0.1",
      "Source": "Repository",
      "Repository": "CRAN"
    },
    "renv": {
      "Package": "renv",
      "Version": "1.1.8",
      "Source": "Repository",
      "Repository": "CRAN"
    },
    "rmarkdown": {
      "Package": "rmarkdown",
      "Version": "2.30",
      "Source": "Repository",
      "Repository": "CRAN"
    },
    "scales": {
      "Package": "scales",
      "Version": "1.4.0",
      "Source": "Repository",
      "Repository": "CRAN"
    },
    "tidyverse": {
      "Package": "tidyverse",
      "Version": "2.0.0",
      "Source": "Repository",
      "Repository": "CRAN"
    }
  }
}
